// !$*UTF8*$!
{
	archiveVersion = 1;
	classes = {
	};
	objectVersion = 50;
	objects = {

/* Begin PBXBuildFile section */
		894ADFAC24FBBA830088DA68 /* AppDelegate.swift in Sources */ = {isa = PBXBuildFile; fileRef = 894ADFAB24FBBA830088DA68 /* AppDelegate.swift */; };
		894ADFAE24FBBA830088DA68 /* SceneDelegate.swift in Sources */ = {isa = PBXBuildFile; fileRef = 894ADFAD24FBBA830088DA68 /* SceneDelegate.swift */; };
		894ADFB024FBBA830088DA68 /* ViewController.swift in Sources */ = {isa = PBXBuildFile; fileRef = 894ADFAF24FBBA830088DA68 /* ViewController.swift */; };
		894ADFB324FBBA830088DA68 /* Main.storyboard in Resources */ = {isa = PBXBuildFile; fileRef = 894ADFB124FBBA830088DA68 /* Main.storyboard */; };
		894ADFB524FBBA850088DA68 /* Assets.xcassets in Resources */ = {isa = PBXBuildFile; fileRef = 894ADFB424FBBA850088DA68 /* Assets.xcassets */; };
		894ADFB824FBBA850088DA68 /* LaunchScreen.storyboard in Resources */ = {isa = PBXBuildFile; fileRef = 894ADFB624FBBA850088DA68 /* LaunchScreen.storyboard */; };
		894ADFC324FBBA850088DA68 /* LeetCodeTests.swift in Sources */ = {isa = PBXBuildFile; fileRef = 894ADFC224FBBA850088DA68 /* LeetCodeTests.swift */; };
		894ADFCE24FBBA850088DA68 /* LeetCodeUITests.swift in Sources */ = {isa = PBXBuildFile; fileRef = 894ADFCD24FBBA850088DA68 /* LeetCodeUITests.swift */; };
/* End PBXBuildFile section */

/* Begin PBXContainerItemProxy section */
		894ADFBF24FBBA850088DA68 /* PBXContainerItemProxy */ = {
			isa = PBXContainerItemProxy;
			containerPortal = 894ADFA024FBBA830088DA68 /* Project object */;
			proxyType = 1;
			remoteGlobalIDString = 894ADFA724FBBA830088DA68;
			remoteInfo = LeetCode;
		};
		894ADFCA24FBBA850088DA68 /* PBXContainerItemProxy */ = {
			isa = PBXContainerItemProxy;
			containerPortal = 894ADFA024FBBA830088DA68 /* Project object */;
			proxyType = 1;
			remoteGlobalIDString = 894ADFA724FBBA830088DA68;
			remoteInfo = LeetCode;
		};
/* End PBXContainerItemProxy section */

/* Begin PBXFileReference section */
		894ADFA824FBBA830088DA68 /* LeetCode.app */ = {isa = PBXFileReference; explicitFileType = wrapper.application; includeInIndex = 0; path = LeetCode.app; sourceTree = BUILT_PRODUCTS_DIR; };
		894ADFAB24FBBA830088DA68 /* AppDelegate.swift */ = {isa = PBXFileReference; lastKnownFileType = sourcecode.swift; path = AppDelegate.swift; sourceTree = "<group>"; };
		894ADFAD24FBBA830088DA68 /* SceneDelegate.swift */ = {isa = PBXFileReference; lastKnownFileType = sourcecode.swift; path = SceneDelegate.swift; sourceTree = "<group>"; };
		894ADFAF24FBBA830088DA68 /* ViewController.swift */ = {isa = PBXFileReference; lastKnownFileType = sourcecode.swift; path = ViewController.swift; sourceTree = "<group>"; };
		894ADFB224FBBA830088DA68 /* Base */ = {isa = PBXFileReference; lastKnownFileType = file.storyboard; name = Base; path = Base.lproj/Main.storyboard; sourceTree = "<group>"; };
		894ADFB424FBBA850088DA68 /* Assets.xcassets */ = {isa = PBXFileReference; lastKnownFileType = folder.assetcatalog; path = Assets.xcassets; sourceTree = "<group>"; };
		894ADFB724FBBA850088DA68 /* Base */ = {isa = PBXFileReference; lastKnownFileType = file.storyboard; name = Base; path = Base.lproj/LaunchScreen.storyboard; sourceTree = "<group>"; };
		894ADFB924FBBA850088DA68 /* Info.plist */ = {isa = PBXFileReference; lastKnownFileType = text.plist.xml; path = Info.plist; sourceTree = "<group>"; };
		894ADFBE24FBBA850088DA68 /* LeetCodeTests.xctest */ = {isa = PBXFileReference; explicitFileType = wrapper.cfbundle; includeInIndex = 0; path = LeetCodeTests.xctest; sourceTree = BUILT_PRODUCTS_DIR; };
		894ADFC224FBBA850088DA68 /* LeetCodeTests.swift */ = {isa = PBXFileReference; lastKnownFileType = sourcecode.swift; path = LeetCodeTests.swift; sourceTree = "<group>"; };
		894ADFC424FBBA850088DA68 /* Info.plist */ = {isa = PBXFileReference; lastKnownFileType = text.plist.xml; path = Info.plist; sourceTree = "<group>"; };
		894ADFC924FBBA850088DA68 /* LeetCodeUITests.xctest */ = {isa = PBXFileReference; explicitFileType = wrapper.cfbundle; includeInIndex = 0; path = LeetCodeUITests.xctest; sourceTree = BUILT_PRODUCTS_DIR; };
		894ADFCD24FBBA850088DA68 /* LeetCodeUITests.swift */ = {isa = PBXFileReference; lastKnownFileType = sourcecode.swift; path = LeetCodeUITests.swift; sourceTree = "<group>"; };
		894ADFCF24FBBA850088DA68 /* Info.plist */ = {isa = PBXFileReference; lastKnownFileType = text.plist.xml; path = Info.plist; sourceTree = "<group>"; };
/* End PBXFileReference section */

/* Begin PBXFrameworksBuildPhase section */
		894ADFA524FBBA830088DA68 /* Frameworks */ = {
			isa = PBXFrameworksBuildPhase;
			buildActionMask = 2147483647;
			files = (
			);
			runOnlyForDeploymentPostprocessing = 0;
		};
		894ADFBB24FBBA850088DA68 /* Frameworks */ = {
			isa = PBXFrameworksBuildPhase;
			buildActionMask = 2147483647;
			files = (
			);
			runOnlyForDeploymentPostprocessing = 0;
		};
		894ADFC624FBBA850088DA68 /* Frameworks */ = {
			isa = PBXFrameworksBuildPhase;
			buildActionMask = 2147483647;
			files = (
			);
			runOnlyForDeploymentPostprocessing = 0;
		};
/* End PBXFrameworksBuildPhase section */

/* Begin PBXGroup section */
		894ADF9F24FBBA830088DA68 = {
			isa = PBXGroup;
			children = (
				894ADFAA24FBBA830088DA68 /* LeetCode */,
				894ADFC124FBBA850088DA68 /* LeetCodeTests */,
				894ADFCC24FBBA850088DA68 /* LeetCodeUITests */,
				894ADFA924FBBA830088DA68 /* Products */,
			);
			sourceTree = "<group>";
		};
		894ADFA924FBBA830088DA68 /* Products */ = {
			isa = PBXGroup;
			children = (
				894ADFA824FBBA830088DA68 /* LeetCode.app */,
				894ADFBE24FBBA850088DA68 /* LeetCodeTests.xctest */,
				894ADFC924FBBA850088DA68 /* LeetCodeUITests.xctest */,
			);
			name = Products;
			sourceTree = "<group>";
		};
		894ADFAA24FBBA830088DA68 /* LeetCode */ = {
			isa = PBXGroup;
			children = (
				894ADFAB24FBBA830088DA68 /* AppDelegate.swift */,
				894ADFAD24FBBA830088DA68 /* SceneDelegate.swift */,
				894ADFAF24FBBA830088DA68 /* ViewController.swift */,
				894ADFB124FBBA830088DA68 /* Main.storyboard */,
				894ADFB424FBBA850088DA68 /* Assets.xcassets */,
				894ADFB624FBBA850088DA68 /* LaunchScreen.storyboard */,
				894ADFB924FBBA850088DA68 /* Info.plist */,
			);
			path = LeetCode;
			sourceTree = "<group>";
		};
		894ADFC124FBBA850088DA68 /* LeetCodeTests */ = {
			isa = PBXGroup;
			children = (
				894ADFC224FBBA850088DA68 /* LeetCodeTests.swift */,
				894ADFC424FBBA850088DA68 /* Info.plist */,
			);
			path = LeetCodeTests;
			sourceTree = "<group>";
		};
		894ADFCC24FBBA850088DA68 /* LeetCodeUITests */ = {
			isa = PBXGroup;
			children = (
				894ADFCD24FBBA850088DA68 /* LeetCodeUITests.swift */,
				894ADFCF24FBBA850088DA68 /* Info.plist */,
			);
			path = LeetCodeUITests;
			sourceTree = "<group>";
		};
/* End PBXGroup section */

/* Begin PBXNativeTarget section */
		894ADFA724FBBA830088DA68 /* LeetCode */ = {
			isa = PBXNativeTarget;
			buildConfigurationList = 894ADFD224FBBA850088DA68 /* Build configuration list for PBXNativeTarget "LeetCode" */;
			buildPhases = (
				894ADFA424FBBA830088DA68 /* Sources */,
				894ADFA524FBBA830088DA68 /* Frameworks */,
				894ADFA624FBBA830088DA68 /* Resources */,
			);
			buildRules = (
			);
			dependencies = (
			);
			name = LeetCode;
			productName = LeetCode;
			productReference = 894ADFA824FBBA830088DA68 /* LeetCode.app */;
			productType = "com.apple.product-type.application";
		};
		894ADFBD24FBBA850088DA68 /* LeetCodeTests */ = {
			isa = PBXNativeTarget;
			buildConfigurationList = 894ADFD524FBBA850088DA68 /* Build configuration list for PBXNativeTarget "LeetCodeTests" */;
			buildPhases = (
				894ADFBA24FBBA850088DA68 /* Sources */,
				894ADFBB24FBBA850088DA68 /* Frameworks */,
				894ADFBC24FBBA850088DA68 /* Resources */,
			);
			buildRules = (
			);
			dependencies = (
				894ADFC024FBBA850088DA68 /* PBXTargetDependency */,
			);
			name = LeetCodeTests;
			productName = LeetCodeTests;
			productReference = 894ADFBE24FBBA850088DA68 /* LeetCodeTests.xctest */;
			productType = "com.apple.product-type.bundle.unit-test";
		};
		894ADFC824FBBA850088DA68 /* LeetCodeUITests */ = {
			isa = PBXNativeTarget;
			buildConfigurationList = 894ADFD824FBBA850088DA68 /* Build configuration list for PBXNativeTarget "LeetCodeUITests" */;
			buildPhases = (
				894ADFC524FBBA850088DA68 /* Sources */,
				894ADFC624FBBA850088DA68 /* Frameworks */,
				894ADFC724FBBA850088DA68 /* Resources */,
			);
			buildRules = (
			);
			dependencies = (
				894ADFCB24FBBA850088DA68 /* PBXTargetDependency */,
			);
			name = LeetCodeUITests;
			productName = LeetCodeUITests;
			productReference = 894ADFC924FBBA850088DA68 /* LeetCodeUITests.xctest */;
			productType = "com.apple.product-type.bundle.ui-testing";
		};
/* End PBXNativeTarget section */

/* Begin PBXProject section */
		894ADFA024FBBA830088DA68 /* Project object */ = {
			isa = PBXProject;
			attributes = {
				LastSwiftUpdateCheck = 1130;
				LastUpgradeCheck = 1130;
				ORGANIZATIONNAME = LYfinacial.com;
				TargetAttributes = {
					894ADFA724FBBA830088DA68 = {
						CreatedOnToolsVersion = 11.3.1;
					};
					894ADFBD24FBBA850088DA68 = {
						CreatedOnToolsVersion = 11.3.1;
						TestTargetID = 894ADFA724FBBA830088DA68;
					};
					894ADFC824FBBA850088DA68 = {
						CreatedOnToolsVersion = 11.3.1;
						TestTargetID = 894ADFA724FBBA830088DA68;
					};
				};
			};
			buildConfigurationList = 894ADFA324FBBA830088DA68 /* Build configuration list for PBXProject "LeetCode" */;
			compatibilityVersion = "Xcode 9.3";
			developmentRegion = en;
			hasScannedForEncodings = 0;
			knownRegions = (
				en,
				Base,
			);
			mainGroup = 894ADF9F24FBBA830088DA68;
			productRefGroup = 894ADFA924FBBA830088DA68 /* Products */;
			projectDirPath = "";
			projectRoot = "";
			targets = (
				894ADFA724FBBA830088DA68 /* LeetCode */,
				894ADFBD24FBBA850088DA68 /* LeetCodeTests */,
				894ADFC824FBBA850088DA68 /* LeetCodeUITests */,
			);
		};
/* End PBXProject section */

/* Begin PBXResourcesBuildPhase section */
		894ADFA624FBBA830088DA68 /* Resources */ = {
			isa = PBXResourcesBuildPhase;
			buildActionMask = 2147483647;
			files = (
				894ADFB824FBBA850088DA68 /* LaunchScreen.storyboard in Resources */,
				894ADFB524FBBA850088DA68 /* Assets.xcassets in Resources */,
				894ADFB324FBBA830088DA68 /* Main.storyboard in Resources */,
			);
			runOnlyForDeploymentPostprocessing = 0;
		};
		894ADFBC24FBBA850088DA68 /* Resources */ = {
			isa = PBXResourcesBuildPhase;
			buildActionMask = 2147483647;
			files = (
			);
			runOnlyForDeploymentPostprocessing = 0;
		};
		894ADFC724FBBA850088DA68 /* Resources */ = {
			isa = PBXResourcesBuildPhase;
			buildActionMask = 2147483647;
			files = (
			);
			runOnlyForDeploymentPostprocessing = 0;
		};
/* End PBXResourcesBuildPhase section */

/* Begin PBXSourcesBuildPhase section */
		894ADFA424FBBA830088DA68 /* Sources */ = {
			isa = PBXSourcesBuildPhase;
			buildActionMask = 2147483647;
			files = (
				894ADFB024FBBA830088DA68 /* ViewController.swift in Sources */,
				894ADFAC24FBBA830088DA68 /* AppDelegate.swift in Sources */,
				894ADFAE24FBBA830088DA68 /* SceneDelegate.swift in Sources */,
			);
			runOnlyForDeploymentPostprocessing = 0;
		};
		894ADFBA24FBBA850088DA68 /* Sources */ = {
			isa = PBXSourcesBuildPhase;
			buildActionMask = 2147483647;
			files = (
				894ADFC324FBBA850088DA68 /* LeetCodeTests.swift in Sources */,
			);
			runOnlyForDeploymentPostprocessing = 0;
		};
		894ADFC524FBBA850088DA68 /* Sources */ = {
			isa = PBXSourcesBuildPhase;
			buildActionMask = 2147483647;
			files = (
				894ADFCE24FBBA850088DA68 /* LeetCodeUITests.swift in Sources */,
			);
			runOnlyForDeploymentPostprocessing = 0;
		};
/* End PBXSourcesBuildPhase section */

/* Begin PBXTargetDependency section */
		894ADFC024FBBA850088DA68 /* PBXTargetDependency */ = {
			isa = PBXTargetDependency;
			target = 894ADFA724FBBA830088DA68 /* LeetCode */;
			targetProxy = 894ADFBF24FBBA850088DA68 /* PBXContainerItemProxy */;
		};
		894ADFCB24FBBA850088DA68 /* PBXTargetDependency */ = {
			isa = PBXTargetDependency;
			target = 894ADFA724FBBA830088DA68 /* LeetCode */;
			targetProxy = 894ADFCA24FBBA850088DA68 /* PBXContainerItemProxy */;
		};
/* End PBXTargetDependency section */

/* Begin PBXVariantGroup section */
		894ADFB124FBBA830088DA68 /* Main.storyboard */ = {
			isa = PBXVariantGroup;
			children = (
				894ADFB224FBBA830088DA68 /* Base */,
			);
			name = Main.storyboard;
			sourceTree = "<group>";
		};
		894ADFB624FBBA850088DA68 /* LaunchScreen.storyboard */ = {
			isa = PBXVariantGroup;
			children = (
				894ADFB724FBBA850088DA68 /* Base */,
			);
			name = LaunchScreen.storyboard;
			sourceTree = "<group>";
		};
/* End PBXVariantGroup section */

/* Begin XCBuildConfiguration section */
		894ADFD024FBBA850088DA68 /* Debug */ = {
			isa = XCBuildConfiguration;
			buildSettings = {
				ALWAYS_SEARCH_USER_PATHS = NO;
				CLANG_ANALYZER_NONNULL = YES;
				CLANG_ANALYZER_NUMBER_OBJECT_CONVERSION = YES_AGGRESSIVE;
				CLANG_CXX_LANGUAGE_STANDARD = "gnu++14";
				CLANG_CXX_LIBRARY = "libc++";
				CLANG_ENABLE_MODULES = YES;
				CLANG_ENABLE_OBJC_ARC = YES;
				CLANG_ENABLE_OBJC_WEAK = YES;
				CLANG_WARN_BLOCK_CAPTURE_AUTORELEASING = YES;
				CLANG_WARN_BOOL_CONVERSION = YES;
				CLANG_WARN_COMMA = YES;
				CLANG_WARN_CONSTANT_CONVERSION = YES;
				CLANG_WARN_DEPRECATED_OBJC_IMPLEMENTATIONS = YES;
				CLANG_WARN_DIRECT_OBJC_ISA_USAGE = YES_ERROR;
				CLANG_WARN_DOCUMENTATION_COMMENTS = YES;
				CLANG_WARN_EMPTY_BODY = YES;
				CLANG_WARN_ENUM_CONVERSION = YES;
				CLANG_WARN_INFINITE_RECURSION = YES;
				CLANG_WARN_INT_CONVERSION = YES;
				CLANG_WARN_NON_LITERAL_NULL_CONVERSION = YES;
				CLANG_WARN_OBJC_IMPLICIT_RETAIN_SELF = YES;
				CLANG_WARN_OBJC_LITERAL_CONVERSION = YES;
				CLANG_WARN_OBJC_ROOT_CLASS = YES_ERROR;
				CLANG_WARN_RANGE_LOOP_ANALYSIS = YES;
				CLANG_WARN_STRICT_PROTOTYPES = YES;
				CLANG_WARN_SUSPICIOUS_MOVE = YES;
				CLANG_WARN_UNGUARDED_AVAILABILITY = YES_AGGRESSIVE;
				CLANG_WARN_UNREACHABLE_CODE = YES;
				CLANG_WARN__DUPLICATE_METHOD_MATCH = YES;
				COPY_PHASE_STRIP = NO;
				DEBUG_INFORMATION_FORMAT = dwarf;
				ENABLE_STRICT_OBJC_MSGSEND = YES;
				ENABLE_TESTABILITY = YES;
				GCC_C_LANGUAGE_STANDARD = gnu11;
				GCC_DYNAMIC_NO_PIC = NO;
				GCC_NO_COMMON_BLOCKS = YES;
				GCC_OPTIMIZATION_LEVEL = 0;
				GCC_PREPROCESSOR_DEFINITIONS = (
					"DEBUG=1",
					"$(inherited)",
				);
				GCC_WARN_64_TO_32_BIT_CONVERSION = YES;
				GCC_WARN_ABOUT_RETURN_TYPE = YES_ERROR;
				GCC_WARN_UNDECLARED_SELECTOR = YES;
				GCC_WARN_UNINITIALIZED_AUTOS = YES_AGGRESSIVE;
				GCC_WARN_UNUSED_FUNCTION = YES;
				GCC_WARN_UNUSED_VARIABLE = YES;
				IPHONEOS_DEPLOYMENT_TARGET = 13.2;
				MTL_ENABLE_DEBUG_INFO = INCLUDE_SOURCE;
				MTL_FAST_MATH = YES;
				ONLY_ACTIVE_ARCH = YES;
				SDKROOT = iphoneos;
				SWIFT_ACTIVE_COMPILATION_CONDITIONS = DEBUG;
				SWIFT_OPTIMIZATION_LEVEL = "-Onone";
			};
			name = Debug;
		};
		894ADFD124FBBA850088DA68 /* Release */ = {
			isa = XCBuildConfiguration;
			buildSettings = {
				ALWAYS_SEARCH_USER_PATHS = NO;
				CLANG_ANALYZER_NONNULL = YES;
				CLANG_ANALYZER_NUMBER_OBJECT_CONVERSION = YES_AGGRESSIVE;
				CLANG_CXX_LANGUAGE_STANDARD = "gnu++14";
				CLANG_CXX_LIBRARY = "libc++";
				CLANG_ENABLE_MODULES = YES;
				CLANG_ENABLE_OBJC_ARC = YES;
				CLANG_ENABLE_OBJC_WEAK = YES;
				CLANG_WARN_BLOCK_CAPTURE_AUTORELEASING = YES;
				CLANG_WARN_BOOL_CONVERSION = YES;
				CLANG_WARN_COMMA = YES;
				CLANG_WARN_CONSTANT_CONVERSION = YES;
				CLANG_WARN_DEPRECATED_OBJC_IMPLEMENTATIONS = YES;
				CLANG_WARN_DIRECT_OBJC_ISA_USAGE = YES_ERROR;
				CLANG_WARN_DOCUMENTATION_COMMENTS = YES;
				CLANG_WARN_EMPTY_BODY = YES;
				CLANG_WARN_ENUM_CONVERSION = YES;
				CLANG_WARN_INFINITE_RECURSION = YES;
				CLANG_WARN_INT_CONVERSION = YES;
				CLANG_WARN_NON_LITERAL_NULL_CONVERSION = YES;
				CLANG_WARN_OBJC_IMPLICIT_RETAIN_SELF = YES;
				CLANG_WARN_OBJC_LITERAL_CONVERSION = YES;
				CLANG_WARN_OBJC_ROOT_CLASS = YES_ERROR;
				CLANG_WARN_RANGE_LOOP_ANALYSIS = YES;
				CLANG_WARN_STRICT_PROTOTYPES = YES;
				CLANG_WARN_SUSPICIOUS_MOVE = YES;
				CLANG_WARN_UNGUARDED_AVAILABILITY = YES_AGGRESSIVE;
				CLANG_WARN_UNREACHABLE_CODE = YES;
				CLANG_WARN__DUPLICATE_METHOD_MATCH = YES;
				COPY_PHASE_STRIP = NO;
				DEBUG_INFORMATION_FORMAT = "dwarf-with-dsym";
				ENABLE_NS_ASSERTIONS = NO;
				ENABLE_STRICT_OBJC_MSGSEND = YES;
				GCC_C_LANGUAGE_STANDARD = gnu11;
				GCC_NO_COMMON_BLOCKS = YES;
				GCC_WARN_64_TO_32_BIT_CONVERSION = YES;
				GCC_WARN_ABOUT_RETURN_TYPE = YES_ERROR;
				GCC_WARN_UNDECLARED_SELECTOR = YES;
				GCC_WARN_UNINITIALIZED_AUTOS = YES_AGGRESSIVE;
				GCC_WARN_UNUSED_FUNCTION = YES;
				GCC_WARN_UNUSED_VARIABLE = YES;
				IPHONEOS_DEPLOYMENT_TARGET = 13.2;
				MTL_ENABLE_DEBUG_INFO = NO;
				MTL_FAST_MATH = YES;
				SDKROOT = iphoneos;
				SWIFT_COMPILATION_MODE = wholemodule;
				SWIFT_OPTIMIZATION_LEVEL = "-O";
				VALIDATE_PRODUCT = YES;
			};
			name = Release;
		};
		894ADFD324FBBA850088DA68 /* Debug */ = {
			isa = XCBuildConfiguration;
			buildSettings = {
				ASSETCATALOG_COMPILER_APPICON_NAME = AppIcon;
				CODE_SIGN_STYLE = Automatic;
				INFOPLIST_FILE = LeetCode/Info.plist;
				LD_RUNPATH_SEARCH_PATHS = (
					"$(inherited)",
					"@executable_path/Frameworks",
				);
				PRODUCT_BUNDLE_IDENTIFIER = lyfinacial.LeetCode;
				PRODUCT_NAME = "$(TARGET_NAME)";
				SWIFT_VERSION = 5.0;
				TARGETED_DEVICE_FAMILY = "1,2";
			};
			name = Debug;
		};
		894ADFD424FBBA850088DA68 /* Release */ = {
			isa = XCBuildConfiguration;
			buildSettings = {
				ASSETCATALOG_COMPILER_APPICON_NAME = AppIcon;
				CODE_SIGN_STYLE = Automatic;
				INFOPLIST_FILE = LeetCode/Info.plist;
				LD_RUNPATH_SEARCH_PATHS = (
					"$(inherited)",
					"@executable_path/Frameworks",
				);
				PRODUCT_BUNDLE_IDENTIFIER = lyfinacial.LeetCode;
				PRODUCT_NAME = "$(TARGET_NAME)";
				SWIFT_VERSION = 5.0;
				TARGETED_DEVICE_FAMILY = "1,2";
			};
			name = Release;
		};
		894ADFD624FBBA850088DA68 /* Debug */ = {
			isa = XCBuildConfiguration;
			buildSettings = {
				ALWAYS_EMBED_SWIFT_STANDARD_LIBRARIES = YES;
				BUNDLE_LOADER = "$(TEST_HOST)";
				CODE_SIGN_STYLE = Automatic;
				INFOPLIST_FILE = LeetCodeTests/Info.plist;
				IPHONEOS_DEPLOYMENT_TARGET = 13.2;
				LD_RUNPATH_SEARCH_PATHS = (
					"$(inherited)",
					"@executable_path/Frameworks",
					"@loader_path/Frameworks",
				);
				PRODUCT_BUNDLE_IDENTIFIER = lyfinacial.LeetCodeTests;
				PRODUCT_NAME = "$(TARGET_NAME)";
				SWIFT_VERSION = 5.0;
				TARGETED_DEVICE_FAMILY = "1,2";
				TEST_HOST = "$(BUILT_PRODUCTS_DIR)/LeetCode.app/LeetCode";
			};
			name = Debug;
		};
		894ADFD724FBBA850088DA68 /* Release */ = {
			isa = XCBuildConfiguration;
			buildSettings = {
				ALWAYS_EMBED_SWIFT_STANDARD_LIBRARIES = YES;
				BUNDLE_LOADER = "$(TEST_HOST)";
				CODE_SIGN_STYLE = Automatic;
				INFOPLIST_FILE = LeetCodeTests/Info.plist;
				IPHONEOS_DEPLOYMENT_TARGET = 13.2;
				LD_RUNPATH_SEARCH_PATHS = (
					"$(inherited)",
					"@executable_path/Frameworks",
					"@loader_path/Frameworks",
				);
				PRODUCT_BUNDLE_IDENTIFIER = lyfinacial.LeetCodeTests;
				PRODUCT_NAME = "$(TARGET_NAME)";
				SWIFT_VERSION = 5.0;
				TARGETED_DEVICE_FAMILY = "1,2";
				TEST_HOST = "$(BUILT_PRODUCTS_DIR)/LeetCode.app/LeetCode";
			};
			name = Release;
		};
		894ADFD924FBBA850088DA68 /* Debug */ = {
			isa = XCBuildConfiguration;
			buildSettings = {
				ALWAYS_EMBED_SWIFT_STANDARD_LIBRARIES = YES;
				CODE_SIGN_STYLE = Automatic;
				INFOPLIST_FILE = LeetCodeUITests/Info.plist;
				LD_RUNPATH_SEARCH_PATHS = (
					"$(inherited)",
					"@executable_path/Frameworks",
					"@loader_path/Frameworks",
				);
				PRODUCT_BUNDLE_IDENTIFIER = lyfinacial.LeetCodeUITests;
				PRODUCT_NAME = "$(TARGET_NAME)";
				SWIFT_VERSION = 5.0;
				TARGETED_DEVICE_FAMILY = "1,2";
				TEST_TARGET_NAME = LeetCode;
			};
			name = Debug;
		};
		894ADFDA24FBBA850088DA68 /* Release */ = {
			isa = XCBuildConfiguration;
			buildSettings = {
				ALWAYS_EMBED_SWIFT_STANDARD_LIBRARIES = YES;
				CODE_SIGN_STYLE = Automatic;
				INFOPLIST_FILE = LeetCodeUITests/Info.plist;
				LD_RUNPATH_SEARCH_PATHS = (
					"$(inherited)",
					"@executable_path/Frameworks",
					"@loader_path/Frameworks",
				);
				PRODUCT_BUNDLE_IDENTIFIER = lyfinacial.LeetCodeUITests;
				PRODUCT_NAME = "$(TARGET_NAME)";
				SWIFT_VERSION = 5.0;
				TARGETED_DEVICE_FAMILY = "1,2";
				TEST_TARGET_NAME = LeetCode;
			};
			name = Release;
		};
/* End XCBuildConfiguration section */

/* Begin XCConfigurationList section */
		894ADFA324FBBA830088DA68 /* Build configuration list for PBXProject "LeetCode" */ = {
			isa = XCConfigurationList;
			buildConfigurations = (
				894ADFD024FBBA850088DA68 /* Debug */,
				894ADFD124FBBA850088DA68 /* Release */,
			);
			defaultConfigurationIsVisible = 0;
			defaultConfigurationName = Release;
		};
		894ADFD224FBBA850088DA68 /* Build configuration list for PBXNativeTarget "LeetCode" */ = {
			isa = XCConfigurationList;
			buildConfigurations = (
				894ADFD324FBBA850088DA68 /* Debug */,
				894ADFD424FBBA850088DA68 /* Release */,
			);
			defaultConfigurationIsVisible = 0;
			defaultConfigurationName = Release;
		};
		894ADFD524FBBA850088DA68 /* Build configuration list for PBXNativeTarget "LeetCodeTests" */ = {
			isa = XCConfigurationList;
			buildConfigurations = (
				894ADFD624FBBA850088DA68 /* Debug */,
				894ADFD724FBBA850088DA68 /* Release */,
			);
			defaultConfigurationIsVisible = 0;
			defaultConfigurationName = Release;
		};
		894ADFD824FBBA850088DA68 /* Build configuration list for PBXNativeTarget "LeetCodeUITests" */ = {
			isa = XCConfigurationList;
			buildConfigurations = (
				894ADFD924FBBA850088DA68 /* Debug */,
				894ADFDA24FBBA850088DA68 /* Release */,
			);
			defaultConfigurationIsVisible = 0;
			defaultConfigurationName = Release;
		};
/* End XCConfigurationList section */
	};
	rootObject = 894ADFA024FBBA830088DA68 /* Project object */;
}
